
Microsoft Visual Studio Solution File, Format Version 12.00
# Visual Studio Version 17
VisualStudioVersion = 17.13.35931.197 d17.13
MinimumVisualStudioVersion = 10.0.40219.1
Project("{FAE04EC0-301F-11D3-BF4B-00C04F79EFBC}") = "Practica 2 Formulario 7", "Practica 2 Formulario 7\Practica 2 Formulario 7.csproj", "{68D43F33-DA33-4EE5-9725-69FC7168A25D}"
EndProject
Global
	GlobalSection(SolutionConfigurationPlatforms) = preSolution
		Debug|Any CPU = Debug|Any CPU
		Release|Any CPU = Release|Any CPU
	EndGlobalSection
	GlobalSection(ProjectConfigurationPlatforms) = postSolution
		{68D43F33-DA33-4EE5-9725-69FC7168A25D}.Debug|Any CPU.ActiveCfg = Debug|Any CPU
		{68D43F33-DA33-4EE5-9725-69FC7168A25D}.Debug|Any CPU.Build.0 = Debug|Any CPU
		{68D43F33-DA33-4EE5-9725-69FC7168A25D}.Release|Any CPU.ActiveCfg = Release|Any CPU
		{68D43F33-DA33-4EE5-9725-69FC7168A25D}.Release|Any CPU.Build.0 = Release|Any CPU
	EndGlobalSection
	GlobalSection(SolutionProperties) = preSolution
		HideSolutionNode = FALSE
	EndGlobalSection
	GlobalSection(ExtensibilityGlobals) = postSolution
		SolutionGuid = {917A981E-9B9F-41CD-9CA8-290D1BFF7011}
	EndGlobalSection
EndGlobal
